<?xml version="1.0" encoding="utf-8"?>
<Project ToolsVersion="16.0" xmlns="http://schemas.microsoft.com/developer/msbuild/2003">
  <ItemGroup>
    <ClCompile Include="Z:\microscopio\glviewer\aoldaq\src\aoldaq_core.c">
      <Filter>Source Files</Filter>
    </ClCompile>
    <ClCompile Include="Z:\microscopio\glviewer\aoldaq\src\fpga.c">
      <Filter>Source Files</Filter>
    </ClCompile>
    <ClCompile Include="Z:\microscopio\glviewer\aoldaq\src\os_pipe_win32.c">
      <Filter>Source Files</Filter>
    </ClCompile>
  </ItemGroup>
  <ItemGroup>
    <CustomBuild Include="Z:\microscopio\glviewer\aoldaq\CMakeLists.txt" />
  </ItemGroup>
  <ItemGroup>
    <Filter Include="Source Files">
      <UniqueIdentifier>{4F811E99-C25E-3452-9173-78F2E70698FC}</UniqueIdentifier>
    </Filter>
  </ItemGroup>
</Project>
